
Microsoft Visual Studio Solution File, Format Version 12.00
# Visual Studio Version 17
VisualStudioVersion = 17.12.35514.174
MinimumVisualStudioVersion = 10.0.40219.1
Project("{8BC9CEB8-8B4A-11D0-8D11-00A0C91BC942}") = "ConsoleApplicationc++", "ConsoleApplicationc++\ConsoleApplicationc++.vcxproj", "{C18724E1-88D6-4508-9304-E1F7D06A2D13}"
EndProject
Project("{8BC9CEB8-8B4A-11D0-8D11-00A0C91BC942}") = "05 - Algorithms & Problem-Solving Level 2", "05 - Algorithms & Problem-Solving Level 2\05 - Algorithms & Problem-Solving Level 2.vcxproj", "{12A4D16F-3B02-46C8-B16E-F38090CBB168}"
EndProject
Project("{8BC9CEB8-8B4A-11D0-8D11-00A0C91BC942}") = "GamStonePaperSeccors", "GamStonePaperSeccors\GamStonePaperSeccors.vcxproj", "{C1F4C680-B3D3-434A-B2BC-4C25057AF6DD}"
EndProject
Project("{8BC9CEB8-8B4A-11D0-8D11-00A0C91BC942}") = "ConsoleAppLib", "ConsoleAppLib\ConsoleAppLib.vcxproj", "{8DCA2243-9813-475E-8783-E0108DEBAE1F}"
EndProject
Project("{8BC9CEB8-8B4A-11D0-8D11-00A0C91BC942}") = "c++level2", "c++level2\c++level2.vcxproj", "{FF51AE3E-E5C3-41ED-807A-8F68AF1E2066}"
EndProject
Project("{2150E333-8FDC-42A3-9474-1A3956D46DE8}") = "algorithms-and-problem-solving-level-3", "algorithms-and-problem-solving-level-3", "{02EA681E-C7D8-13C7-8484-4AC65E1B71E8}"
EndProject
Project("{8BC9CEB8-8B4A-11D0-8D11-00A0C91BC942}") = "Problem #01", "Problem #01\Problem #01.vcxproj", "{43F1A00B-BD08-4138-ADD4-241B00218E34}"
EndProject
Project("{8BC9CEB8-8B4A-11D0-8D11-00A0C91BC942}") = "Problem #06", "Problem #06\Problem #06.vcxproj", "{6235A176-04A0-4992-9103-53AF069914C7}"
EndProject
Project("{8BC9CEB8-8B4A-11D0-8D11-00A0C91BC942}") = "Problem #45", "Problem #45\Problem #45.vcxproj", "{811F517C-2FF2-4608-A5FA-795F8D6E6A1D}"
EndProject
Project("{8BC9CEB8-8B4A-11D0-8D11-00A0C91BC942}") = "Problem #47", "Problem #47\Problem #47.vcxproj", "{CDE75C91-3AFA-4285-9315-A392C1E5A586}"
EndProject
Project("{8BC9CEB8-8B4A-11D0-8D11-00A0C91BC942}") = "Problem #48", "Problem #48\Problem #48.vcxproj", "{B34E3D27-20B0-461D-8A95-23231388DDF3}"
EndProject
Project("{8BC9CEB8-8B4A-11D0-8D11-00A0C91BC942}") = "Problem #50", "Problem #50\Problem #50.vcxproj", "{4A9F103C-F1E3-4037-B669-3631907928C3}"
EndProject
Project("{8BC9CEB8-8B4A-11D0-8D11-00A0C91BC942}") = "ProjectBank1", "ProjectBank1\ProjectBank1.vcxproj", "{4497BDF8-AA1A-433E-AF97-3FF7B7E1B8AF}"
EndProject
Global
	GlobalSection(SolutionConfigurationPlatforms) = preSolution
		Debug|x64 = Debug|x64
		Debug|x86 = Debug|x86
		Release|x64 = Release|x64
		Release|x86 = Release|x86
	EndGlobalSection
	GlobalSection(ProjectConfigurationPlatforms) = postSolution
		{C18724E1-88D6-4508-9304-E1F7D06A2D13}.Debug|x64.ActiveCfg = Debug|x64
		{C18724E1-88D6-4508-9304-E1F7D06A2D13}.Debug|x64.Build.0 = Debug|x64
		{C18724E1-88D6-4508-9304-E1F7D06A2D13}.Debug|x86.ActiveCfg = Debug|Win32
		{C18724E1-88D6-4508-9304-E1F7D06A2D13}.Debug|x86.Build.0 = Debug|Win32
		{C18724E1-88D6-4508-9304-E1F7D06A2D13}.Release|x64.ActiveCfg = Release|x64
		{C18724E1-88D6-4508-9304-E1F7D06A2D13}.Release|x64.Build.0 = Release|x64
		{C18724E1-88D6-4508-9304-E1F7D06A2D13}.Release|x86.ActiveCfg = Release|Win32
		{C18724E1-88D6-4508-9304-E1F7D06A2D13}.Release|x86.Build.0 = Release|Win32
		{12A4D16F-3B02-46C8-B16E-F38090CBB168}.Debug|x64.ActiveCfg = Debug|x64
		{12A4D16F-3B02-46C8-B16E-F38090CBB168}.Debug|x64.Build.0 = Debug|x64
		{12A4D16F-3B02-46C8-B16E-F38090CBB168}.Debug|x86.ActiveCfg = Debug|Win32
		{12A4D16F-3B02-46C8-B16E-F38090CBB168}.Debug|x86.Build.0 = Debug|Win32
		{12A4D16F-3B02-46C8-B16E-F38090CBB168}.Release|x64.ActiveCfg = Release|x64
		{12A4D16F-3B02-46C8-B16E-F38090CBB168}.Release|x64.Build.0 = Release|x64
		{12A4D16F-3B02-46C8-B16E-F38090CBB168}.Release|x86.ActiveCfg = Release|Win32
		{12A4D16F-3B02-46C8-B16E-F38090CBB168}.Release|x86.Build.0 = Release|Win32
		{C1F4C680-B3D3-434A-B2BC-4C25057AF6DD}.Debug|x64.ActiveCfg = Debug|x64
		{C1F4C680-B3D3-434A-B2BC-4C25057AF6DD}.Debug|x64.Build.0 = Debug|x64
		{C1F4C680-B3D3-434A-B2BC-4C25057AF6DD}.Debug|x86.ActiveCfg = Debug|Win32
		{C1F4C680-B3D3-434A-B2BC-4C25057AF6DD}.Debug|x86.Build.0 = Debug|Win32
		{C1F4C680-B3D3-434A-B2BC-4C25057AF6DD}.Release|x64.ActiveCfg = Release|x64
		{C1F4C680-B3D3-434A-B2BC-4C25057AF6DD}.Release|x64.Build.0 = Release|x64
		{C1F4C680-B3D3-434A-B2BC-4C25057AF6DD}.Release|x86.ActiveCfg = Release|Win32
		{C1F4C680-B3D3-434A-B2BC-4C25057AF6DD}.Release|x86.Build.0 = Release|Win32
		{8DCA2243-9813-475E-8783-E0108DEBAE1F}.Debug|x64.ActiveCfg = Debug|x64
		{8DCA2243-9813-475E-8783-E0108DEBAE1F}.Debug|x64.Build.0 = Debug|x64
		{8DCA2243-9813-475E-8783-E0108DEBAE1F}.Debug|x86.ActiveCfg = Debug|Win32
		{8DCA2243-9813-475E-8783-E0108DEBAE1F}.Debug|x86.Build.0 = Debug|Win32
		{8DCA2243-9813-475E-8783-E0108DEBAE1F}.Release|x64.ActiveCfg = Release|x64
		{8DCA2243-9813-475E-8783-E0108DEBAE1F}.Release|x64.Build.0 = Release|x64
		{8DCA2243-9813-475E-8783-E0108DEBAE1F}.Release|x86.ActiveCfg = Release|Win32
		{8DCA2243-9813-475E-8783-E0108DEBAE1F}.Release|x86.Build.0 = Release|Win32
		{FF51AE3E-E5C3-41ED-807A-8F68AF1E2066}.Debug|x64.ActiveCfg = Debug|x64
		{FF51AE3E-E5C3-41ED-807A-8F68AF1E2066}.Debug|x64.Build.0 = Debug|x64
		{FF51AE3E-E5C3-41ED-807A-8F68AF1E2066}.Debug|x86.ActiveCfg = Debug|Win32
		{FF51AE3E-E5C3-41ED-807A-8F68AF1E2066}.Debug|x86.Build.0 = Debug|Win32
		{FF51AE3E-E5C3-41ED-807A-8F68AF1E2066}.Release|x64.ActiveCfg = Release|x64
		{FF51AE3E-E5C3-41ED-807A-8F68AF1E2066}.Release|x64.Build.0 = Release|x64
		{FF51AE3E-E5C3-41ED-807A-8F68AF1E2066}.Release|x86.ActiveCfg = Release|Win32
		{FF51AE3E-E5C3-41ED-807A-8F68AF1E2066}.Release|x86.Build.0 = Release|Win32
		{43F1A00B-BD08-4138-ADD4-241B00218E34}.Debug|x64.ActiveCfg = Debug|x64
		{43F1A00B-BD08-4138-ADD4-241B00218E34}.Debug|x64.Build.0 = Debug|x64
		{43F1A00B-BD08-4138-ADD4-241B00218E34}.Debug|x86.ActiveCfg = Debug|Win32
		{43F1A00B-BD08-4138-ADD4-241B00218E34}.Debug|x86.Build.0 = Debug|Win32
		{43F1A00B-BD08-4138-ADD4-241B00218E34}.Release|x64.ActiveCfg = Release|x64
		{43F1A00B-BD08-4138-ADD4-241B00218E34}.Release|x64.Build.0 = Release|x64
		{43F1A00B-BD08-4138-ADD4-241B00218E34}.Release|x86.ActiveCfg = Release|Win32
		{43F1A00B-BD08-4138-ADD4-241B00218E34}.Release|x86.Build.0 = Release|Win32
		{6235A176-04A0-4992-9103-53AF069914C7}.Debug|x64.ActiveCfg = Debug|x64
		{6235A176-04A0-4992-9103-53AF069914C7}.Debug|x64.Build.0 = Debug|x64
		{6235A176-04A0-4992-9103-53AF069914C7}.Debug|x86.ActiveCfg = Debug|Win32
		{6235A176-04A0-4992-9103-53AF069914C7}.Debug|x86.Build.0 = Debug|Win32
		{6235A176-04A0-4992-9103-53AF069914C7}.Release|x64.ActiveCfg = Release|x64
		{6235A176-04A0-4992-9103-53AF069914C7}.Release|x64.Build.0 = Release|x64
		{6235A176-04A0-4992-9103-53AF069914C7}.Release|x86.ActiveCfg = Release|Win32
		{6235A176-04A0-4992-9103-53AF069914C7}.Release|x86.Build.0 = Release|Win32
		{811F517C-2FF2-4608-A5FA-795F8D6E6A1D}.Debug|x64.ActiveCfg = Debug|x64
		{811F517C-2FF2-4608-A5FA-795F8D6E6A1D}.Debug|x64.Build.0 = Debug|x64
		{811F517C-2FF2-4608-A5FA-795F8D6E6A1D}.Debug|x86.ActiveCfg = Debug|Win32
		{811F517C-2FF2-4608-A5FA-795F8D6E6A1D}.Debug|x86.Build.0 = Debug|Win32
		{811F517C-2FF2-4608-A5FA-795F8D6E6A1D}.Release|x64.ActiveCfg = Release|x64
		{811F517C-2FF2-4608-A5FA-795F8D6E6A1D}.Release|x64.Build.0 = Release|x64
		{811F517C-2FF2-4608-A5FA-795F8D6E6A1D}.Release|x86.ActiveCfg = Release|Win32
		{811F517C-2FF2-4608-A5FA-795F8D6E6A1D}.Release|x86.Build.0 = Release|Win32
		{CDE75C91-3AFA-4285-9315-A392C1E5A586}.Debug|x64.ActiveCfg = Debug|x64
		{CDE75C91-3AFA-4285-9315-A392C1E5A586}.Debug|x64.Build.0 = Debug|x64
		{CDE75C91-3AFA-4285-9315-A392C1E5A586}.Debug|x86.ActiveCfg = Debug|Win32
		{CDE75C91-3AFA-4285-9315-A392C1E5A586}.Debug|x86.Build.0 = Debug|Win32
		{CDE75C91-3AFA-4285-9315-A392C1E5A586}.Release|x64.ActiveCfg = Release|x64
		{CDE75C91-3AFA-4285-9315-A392C1E5A586}.Release|x64.Build.0 = Release|x64
		{CDE75C91-3AFA-4285-9315-A392C1E5A586}.Release|x86.ActiveCfg = Release|Win32
		{CDE75C91-3AFA-4285-9315-A392C1E5A586}.Release|x86.Build.0 = Release|Win32
		{B34E3D27-20B0-461D-8A95-23231388DDF3}.Debug|x64.ActiveCfg = Debug|x64
		{B34E3D27-20B0-461D-8A95-23231388DDF3}.Debug|x64.Build.0 = Debug|x64
		{B34E3D27-20B0-461D-8A95-23231388DDF3}.Debug|x86.ActiveCfg = Debug|Win32
		{B34E3D27-20B0-461D-8A95-23231388DDF3}.Debug|x86.Build.0 = Debug|Win32
		{B34E3D27-20B0-461D-8A95-23231388DDF3}.Release|x64.ActiveCfg = Release|x64
		{B34E3D27-20B0-461D-8A95-23231388DDF3}.Release|x64.Build.0 = Release|x64
		{B34E3D27-20B0-461D-8A95-23231388DDF3}.Release|x86.ActiveCfg = Release|Win32
		{B34E3D27-20B0-461D-8A95-23231388DDF3}.Release|x86.Build.0 = Release|Win32
		{4A9F103C-F1E3-4037-B669-3631907928C3}.Debug|x64.ActiveCfg = Debug|x64
		{4A9F103C-F1E3-4037-B669-3631907928C3}.Debug|x64.Build.0 = Debug|x64
		{4A9F103C-F1E3-4037-B669-3631907928C3}.Debug|x86.ActiveCfg = Debug|Win32
		{4A9F103C-F1E3-4037-B669-3631907928C3}.Debug|x86.Build.0 = Debug|Win32
		{4A9F103C-F1E3-4037-B669-3631907928C3}.Release|x64.ActiveCfg = Release|x64
		{4A9F103C-F1E3-4037-B669-3631907928C3}.Release|x64.Build.0 = Release|x64
		{4A9F103C-F1E3-4037-B669-3631907928C3}.Release|x86.ActiveCfg = Release|Win32
		{4A9F103C-F1E3-4037-B669-3631907928C3}.Release|x86.Build.0 = Release|Win32
		{4497BDF8-AA1A-433E-AF97-3FF7B7E1B8AF}.Debug|x64.ActiveCfg = Debug|x64
		{4497BDF8-AA1A-433E-AF97-3FF7B7E1B8AF}.Debug|x64.Build.0 = Debug|x64
		{4497BDF8-AA1A-433E-AF97-3FF7B7E1B8AF}.Debug|x86.ActiveCfg = Debug|Win32
		{4497BDF8-AA1A-433E-AF97-3FF7B7E1B8AF}.Debug|x86.Build.0 = Debug|Win32
		{4497BDF8-AA1A-433E-AF97-3FF7B7E1B8AF}.Release|x64.ActiveCfg = Release|x64
		{4497BDF8-AA1A-433E-AF97-3FF7B7E1B8AF}.Release|x64.Build.0 = Release|x64
		{4497BDF8-AA1A-433E-AF97-3FF7B7E1B8AF}.Release|x86.ActiveCfg = Release|Win32
		{4497BDF8-AA1A-433E-AF97-3FF7B7E1B8AF}.Release|x86.Build.0 = Release|Win32
	EndGlobalSection
	GlobalSection(SolutionProperties) = preSolution
		HideSolutionNode = FALSE
	EndGlobalSection
	GlobalSection(NestedProjects) = preSolution
		{43F1A00B-BD08-4138-ADD4-241B00218E34} = {02EA681E-C7D8-13C7-8484-4AC65E1B71E8}
		{6235A176-04A0-4992-9103-53AF069914C7} = {02EA681E-C7D8-13C7-8484-4AC65E1B71E8}
		{811F517C-2FF2-4608-A5FA-795F8D6E6A1D} = {02EA681E-C7D8-13C7-8484-4AC65E1B71E8}
		{CDE75C91-3AFA-4285-9315-A392C1E5A586} = {02EA681E-C7D8-13C7-8484-4AC65E1B71E8}
		{B34E3D27-20B0-461D-8A95-23231388DDF3} = {02EA681E-C7D8-13C7-8484-4AC65E1B71E8}
		{4A9F103C-F1E3-4037-B669-3631907928C3} = {02EA681E-C7D8-13C7-8484-4AC65E1B71E8}
		{4497BDF8-AA1A-433E-AF97-3FF7B7E1B8AF} = {02EA681E-C7D8-13C7-8484-4AC65E1B71E8}
	EndGlobalSection
	GlobalSection(ExtensibilityGlobals) = postSolution
		SolutionGuid = {7880D708-679C-4442-8523-BCA471940B0A}
	EndGlobalSection
EndGlobal
