
Microsoft Visual Studio Solution File, Format Version 12.00
# Visual Studio Version 17
VisualStudioVersion = 17.12.35514.174
MinimumVisualStudioVersion = 10.0.40219.1
Project("{8BC9CEB8-8B4A-11D0-8D11-00A0C91BC942}") = "ConsoleApplicationc++", "ConsoleApplicationc++\ConsoleApplicationc++.vcxproj", "{C18724E1-88D6-4508-9304-E1F7D06A2D13}"
EndProject
Project("{8BC9CEB8-8B4A-11D0-8D11-00A0C91BC942}") = "05 - Algorithms & Problem-Solving Level 2", "05 - Algorithms & Problem-Solving Level 2\05 - Algorithms & Problem-Solving Level 2.vcxproj", "{12A4D16F-3B02-46C8-B16E-F38090CBB168}"
EndProject
Project("{8BC9CEB8-8B4A-11D0-8D11-00A0C91BC942}") = "GamStonePaperSeccors", "GamStonePaperSeccors\GamStonePaperSeccors.vcxproj", "{C1F4C680-B3D3-434A-B2BC-4C25057AF6DD}"
EndProject
Project("{8BC9CEB8-8B4A-11D0-8D11-00A0C91BC942}") = "ConsoleAppLib", "ConsoleAppLib\ConsoleAppLib.vcxproj", "{8DCA2243-9813-475E-8783-E0108DEBAE1F}"
EndProject
Project("{8BC9CEB8-8B4A-11D0-8D11-00A0C91BC942}") = "c++level2", "c++level2\c++level2.vcxproj", "{FF51AE3E-E5C3-41ED-807A-8F68AF1E2066}"
EndProject
Project("{2150E333-8FDC-42A3-9474-1A3956D46DE8}") = "algorithms-and-problem-solving-level-3", "algorithms-and-problem-solving-level-3", "{02EA681E-C7D8-13C7-8484-4AC65E1B71E8}"
EndProject
Project("{8BC9CEB8-8B4A-11D0-8D11-00A0C91BC942}") = "Problem #01", "Problem #01\Problem #01.vcxproj", "{43F1A00B-BD08-4138-ADD4-241B00218E34}"
EndProject
Project("{8BC9CEB8-8B4A-11D0-8D11-00A0C91BC942}") = "Problem #06", "Problem #06\Problem #06.vcxproj", "{6235A176-04A0-4992-9103-53AF069914C7}"
EndProject
Project("{8BC9CEB8-8B4A-11D0-8D11-00A0C91BC942}") = "Problem #45", "Problem #45\Problem #45.vcxproj", "{811F517C-2FF2-4608-A5FA-795F8D6E6A1D}"
EndProject
Project("{8BC9CEB8-8B4A-11D0-8D11-00A0C91BC942}") = "Problem #47", "Problem #47\Problem #47.vcxproj", "{CDE75C91-3AFA-4285-9315-A392C1E5A586}"
EndProject
Project("{8BC9CEB8-8B4A-11D0-8D11-00A0C91BC942}") = "Problem #48", "Problem #48\Problem #48.vcxproj", "{B34E3D27-20B0-461D-8A95-23231388DDF3}"
EndProject
Project("{8BC9CEB8-8B4A-11D0-8D11-00A0C91BC942}") = "Problem #50", "Problem #50\Problem #50.vcxproj", "{4A9F103C-F1E3-4037-B669-3631907928C3}"
EndProject
Project("{8BC9CEB8-8B4A-11D0-8D11-00A0C91BC942}") = "ProjectBank1", "ProjectBank1\ProjectBank1.vcxproj", "{4497BDF8-AA1A-433E-AF97-3FF7B7E1B8AF}"
EndProject
Project("{2150E333-8FDC-42A3-9474-1A3956D46DE8}") = "08-algorithms-problem-solving-level-4", "08-algorithms-problem-solving-level-4", "{756A34F1-483E-4DC3-A1AC-FF306772DFF6}"
EndProject
Project("{8BC9CEB8-8B4A-11D0-8D11-00A0C91BC942}") = "08 Problem #01", "08 Problem #01\08 Problem #01.vcxproj", "{16E185F5-2FCF-47DB-8D1C-2340267C401C}"
EndProject
Project("{8BC9CEB8-8B4A-11D0-8D11-00A0C91BC942}") = "IsLeepYear", "IsLeepYear\IsLeepYear.vcxproj", "{FFD62447-59FB-4B03-96C2-DF1FC342BDBA}"
EndProject
Project("{8BC9CEB8-8B4A-11D0-8D11-00A0C91BC942}") = "08Problem #06", "08Problem #06\08Problem #06.vcxproj", "{BA814B19-7D27-48EC-AD47-8BB74B1D0861}"
EndProject
Project("{8BC9CEB8-8B4A-11D0-8D11-00A0C91BC942}") = "08Problem #08", "08Problem #08\08Problem #08.vcxproj", "{8960DE87-A03B-4E6A-85A5-6784A877E6AE}"
EndProject
Project("{8BC9CEB8-8B4A-11D0-8D11-00A0C91BC942}") = "finalProject", "finalProject\finalProject.vcxproj", "{C69E59EC-8999-4C38-8BE0-FBDB63A988F3}"
EndProject
Project("{8BC9CEB8-8B4A-11D0-8D11-00A0C91BC942}") = "08Problem #10", "08Problem #10\08Problem #10.vcxproj", "{6FFD051F-9BA4-44F2-9EB5-A52F27B31FA0}"
EndProject
Project("{8BC9CEB8-8B4A-11D0-8D11-00A0C91BC942}") = "08 Problem #12", "08 Problem #12\08 Problem #12.vcxproj", "{32C9CC6A-6065-4D5B-8DBC-A79818FA0B45}"
EndProject
Project("{8BC9CEB8-8B4A-11D0-8D11-00A0C91BC942}") = "LibDate", "LibDate\LibDate.vcxproj", "{239FEB88-A68C-41AE-8D6B-B97889FD4602}"
EndProject
Project("{8BC9CEB8-8B4A-11D0-8D11-00A0C91BC942}") = "Problem #47 to 53", "Problem #47 to 53\Problem #47 to 53.vcxproj", "{F06E7034-F23F-4E55-8A10-914550B80E2A}"
EndProject
Project("{8BC9CEB8-8B4A-11D0-8D11-00A0C91BC942}") = "Problem #55", "Problem #55\Problem #55.vcxproj", "{6CEE06C8-B5C2-41AE-8A34-B3CC3D3875DA}"
EndProject
Project("{8BC9CEB8-8B4A-11D0-8D11-00A0C91BC942}") = "Problem #58", "Problem #58\Problem #58.vcxproj", "{F51D2775-A7CD-484D-A8F1-5AB92C2FB08D}"
EndProject
Project("{2150E333-8FDC-42A3-9474-1A3956D46DE8}") = "oop-as-it-should-be-concepts", "oop-as-it-should-be-concepts", "{4D7591AF-FF37-4C8A-9B03-7300E709C12D}"
EndProject
Project("{8BC9CEB8-8B4A-11D0-8D11-00A0C91BC942}") = "Classes and Objects", "Classes and Objects\Classes and Objects.vcxproj", "{F2C8E34D-9CBF-42E5-93F2-702E3CABFCF2}"
EndProject
Project("{8BC9CEB8-8B4A-11D0-8D11-00A0C91BC942}") = "Static Members", "Static Members\Static Members.vcxproj", "{E65EAE07-20A1-486E-A939-E42B6923AFC6}"
EndProject
Project("{8BC9CEB8-8B4A-11D0-8D11-00A0C91BC942}") = "exerciseForClass", "exerciseForClass\exerciseForClass.vcxproj", "{AB3C4241-5D55-4C6D-BF6A-D7DAECF0D973}"
EndProject
Project("{8BC9CEB8-8B4A-11D0-8D11-00A0C91BC942}") = "Up Casting vs Down Casting", "Up Casting vs Down Casting\Up Casting vs Down Casting.vcxproj", "{5A269F4F-3650-40DD-846A-74CF5FAAA544}"
EndProject
Project("{8BC9CEB8-8B4A-11D0-8D11-00A0C91BC942}") = "interface or abstract", "interface or abstract\interface or abstract.vcxproj", "{AA9E1B49-3A01-407B-A498-6EA347ABDE60}"
EndProject
Project("{8BC9CEB8-8B4A-11D0-8D11-00A0C91BC942}") = "Friend Classes", "Friend Classes\Friend Classes.vcxproj", "{030FF434-DEE4-401F-860C-6C4D20F4627A}"
EndProject
Project("{8BC9CEB8-8B4A-11D0-8D11-00A0C91BC942}") = "Nested Classes - Constructor", "Nested Classes - Constructor\Nested Classes - Constructor.vcxproj", "{EA73EA6F-F355-4539-A9E2-F488C7A83477}"
EndProject
Project("{8BC9CEB8-8B4A-11D0-8D11-00A0C91BC942}") = "thispointer", "thispointer\thispointer.vcxproj", "{E94F2303-08C2-4B67-BBED-F30E21196294}"
EndProject
Project("{8BC9CEB8-8B4A-11D0-8D11-00A0C91BC942}") = "Objects and Dynamic Array", "Objects and Dynamic Array\Objects and Dynamic Array.vcxproj", "{E45B0387-3184-4F36-8764-09E50762A832}"
EndProject
Global
	GlobalSection(SolutionConfigurationPlatforms) = preSolution
		Debug|x64 = Debug|x64
		Debug|x86 = Debug|x86
		Release|x64 = Release|x64
		Release|x86 = Release|x86
	EndGlobalSection
	GlobalSection(ProjectConfigurationPlatforms) = postSolution
		{C18724E1-88D6-4508-9304-E1F7D06A2D13}.Debug|x64.ActiveCfg = Debug|x64
		{C18724E1-88D6-4508-9304-E1F7D06A2D13}.Debug|x64.Build.0 = Debug|x64
		{C18724E1-88D6-4508-9304-E1F7D06A2D13}.Debug|x86.ActiveCfg = Debug|Win32
		{C18724E1-88D6-4508-9304-E1F7D06A2D13}.Debug|x86.Build.0 = Debug|Win32
		{C18724E1-88D6-4508-9304-E1F7D06A2D13}.Release|x64.ActiveCfg = Release|x64
		{C18724E1-88D6-4508-9304-E1F7D06A2D13}.Release|x64.Build.0 = Release|x64
		{C18724E1-88D6-4508-9304-E1F7D06A2D13}.Release|x86.ActiveCfg = Release|Win32
		{C18724E1-88D6-4508-9304-E1F7D06A2D13}.Release|x86.Build.0 = Release|Win32
		{12A4D16F-3B02-46C8-B16E-F38090CBB168}.Debug|x64.ActiveCfg = Debug|x64
		{12A4D16F-3B02-46C8-B16E-F38090CBB168}.Debug|x64.Build.0 = Debug|x64
		{12A4D16F-3B02-46C8-B16E-F38090CBB168}.Debug|x86.ActiveCfg = Debug|Win32
		{12A4D16F-3B02-46C8-B16E-F38090CBB168}.Debug|x86.Build.0 = Debug|Win32
		{12A4D16F-3B02-46C8-B16E-F38090CBB168}.Release|x64.ActiveCfg = Release|x64
		{12A4D16F-3B02-46C8-B16E-F38090CBB168}.Release|x64.Build.0 = Release|x64
		{12A4D16F-3B02-46C8-B16E-F38090CBB168}.Release|x86.ActiveCfg = Release|Win32
		{12A4D16F-3B02-46C8-B16E-F38090CBB168}.Release|x86.Build.0 = Release|Win32
		{C1F4C680-B3D3-434A-B2BC-4C25057AF6DD}.Debug|x64.ActiveCfg = Debug|x64
		{C1F4C680-B3D3-434A-B2BC-4C25057AF6DD}.Debug|x64.Build.0 = Debug|x64
		{C1F4C680-B3D3-434A-B2BC-4C25057AF6DD}.Debug|x86.ActiveCfg = Debug|Win32
		{C1F4C680-B3D3-434A-B2BC-4C25057AF6DD}.Debug|x86.Build.0 = Debug|Win32
		{C1F4C680-B3D3-434A-B2BC-4C25057AF6DD}.Release|x64.ActiveCfg = Release|x64
		{C1F4C680-B3D3-434A-B2BC-4C25057AF6DD}.Release|x64.Build.0 = Release|x64
		{C1F4C680-B3D3-434A-B2BC-4C25057AF6DD}.Release|x86.ActiveCfg = Release|Win32
		{C1F4C680-B3D3-434A-B2BC-4C25057AF6DD}.Release|x86.Build.0 = Release|Win32
		{8DCA2243-9813-475E-8783-E0108DEBAE1F}.Debug|x64.ActiveCfg = Debug|x64
		{8DCA2243-9813-475E-8783-E0108DEBAE1F}.Debug|x64.Build.0 = Debug|x64
		{8DCA2243-9813-475E-8783-E0108DEBAE1F}.Debug|x86.ActiveCfg = Debug|Win32
		{8DCA2243-9813-475E-8783-E0108DEBAE1F}.Debug|x86.Build.0 = Debug|Win32
		{8DCA2243-9813-475E-8783-E0108DEBAE1F}.Release|x64.ActiveCfg = Release|x64
		{8DCA2243-9813-475E-8783-E0108DEBAE1F}.Release|x64.Build.0 = Release|x64
		{8DCA2243-9813-475E-8783-E0108DEBAE1F}.Release|x86.ActiveCfg = Release|Win32
		{8DCA2243-9813-475E-8783-E0108DEBAE1F}.Release|x86.Build.0 = Release|Win32
		{FF51AE3E-E5C3-41ED-807A-8F68AF1E2066}.Debug|x64.ActiveCfg = Debug|x64
		{FF51AE3E-E5C3-41ED-807A-8F68AF1E2066}.Debug|x64.Build.0 = Debug|x64
		{FF51AE3E-E5C3-41ED-807A-8F68AF1E2066}.Debug|x86.ActiveCfg = Debug|Win32
		{FF51AE3E-E5C3-41ED-807A-8F68AF1E2066}.Debug|x86.Build.0 = Debug|Win32
		{FF51AE3E-E5C3-41ED-807A-8F68AF1E2066}.Release|x64.ActiveCfg = Release|x64
		{FF51AE3E-E5C3-41ED-807A-8F68AF1E2066}.Release|x64.Build.0 = Release|x64
		{FF51AE3E-E5C3-41ED-807A-8F68AF1E2066}.Release|x86.ActiveCfg = Release|Win32
		{FF51AE3E-E5C3-41ED-807A-8F68AF1E2066}.Release|x86.Build.0 = Release|Win32
		{43F1A00B-BD08-4138-ADD4-241B00218E34}.Debug|x64.ActiveCfg = Debug|x64
		{43F1A00B-BD08-4138-ADD4-241B00218E34}.Debug|x64.Build.0 = Debug|x64
		{43F1A00B-BD08-4138-ADD4-241B00218E34}.Debug|x86.ActiveCfg = Debug|Win32
		{43F1A00B-BD08-4138-ADD4-241B00218E34}.Debug|x86.Build.0 = Debug|Win32
		{43F1A00B-BD08-4138-ADD4-241B00218E34}.Release|x64.ActiveCfg = Release|x64
		{43F1A00B-BD08-4138-ADD4-241B00218E34}.Release|x64.Build.0 = Release|x64
		{43F1A00B-BD08-4138-ADD4-241B00218E34}.Release|x86.ActiveCfg = Release|Win32
		{43F1A00B-BD08-4138-ADD4-241B00218E34}.Release|x86.Build.0 = Release|Win32
		{6235A176-04A0-4992-9103-53AF069914C7}.Debug|x64.ActiveCfg = Debug|x64
		{6235A176-04A0-4992-9103-53AF069914C7}.Debug|x64.Build.0 = Debug|x64
		{6235A176-04A0-4992-9103-53AF069914C7}.Debug|x86.ActiveCfg = Debug|Win32
		{6235A176-04A0-4992-9103-53AF069914C7}.Debug|x86.Build.0 = Debug|Win32
		{6235A176-04A0-4992-9103-53AF069914C7}.Release|x64.ActiveCfg = Release|x64
		{6235A176-04A0-4992-9103-53AF069914C7}.Release|x64.Build.0 = Release|x64
		{6235A176-04A0-4992-9103-53AF069914C7}.Release|x86.ActiveCfg = Release|Win32
		{6235A176-04A0-4992-9103-53AF069914C7}.Release|x86.Build.0 = Release|Win32
		{811F517C-2FF2-4608-A5FA-795F8D6E6A1D}.Debug|x64.ActiveCfg = Debug|x64
		{811F517C-2FF2-4608-A5FA-795F8D6E6A1D}.Debug|x64.Build.0 = Debug|x64
		{811F517C-2FF2-4608-A5FA-795F8D6E6A1D}.Debug|x86.ActiveCfg = Debug|Win32
		{811F517C-2FF2-4608-A5FA-795F8D6E6A1D}.Debug|x86.Build.0 = Debug|Win32
		{811F517C-2FF2-4608-A5FA-795F8D6E6A1D}.Release|x64.ActiveCfg = Release|x64
		{811F517C-2FF2-4608-A5FA-795F8D6E6A1D}.Release|x64.Build.0 = Release|x64
		{811F517C-2FF2-4608-A5FA-795F8D6E6A1D}.Release|x86.ActiveCfg = Release|Win32
		{811F517C-2FF2-4608-A5FA-795F8D6E6A1D}.Release|x86.Build.0 = Release|Win32
		{CDE75C91-3AFA-4285-9315-A392C1E5A586}.Debug|x64.ActiveCfg = Debug|x64
		{CDE75C91-3AFA-4285-9315-A392C1E5A586}.Debug|x64.Build.0 = Debug|x64
		{CDE75C91-3AFA-4285-9315-A392C1E5A586}.Debug|x86.ActiveCfg = Debug|Win32
		{CDE75C91-3AFA-4285-9315-A392C1E5A586}.Debug|x86.Build.0 = Debug|Win32
		{CDE75C91-3AFA-4285-9315-A392C1E5A586}.Release|x64.ActiveCfg = Release|x64
		{CDE75C91-3AFA-4285-9315-A392C1E5A586}.Release|x64.Build.0 = Release|x64
		{CDE75C91-3AFA-4285-9315-A392C1E5A586}.Release|x86.ActiveCfg = Release|Win32
		{CDE75C91-3AFA-4285-9315-A392C1E5A586}.Release|x86.Build.0 = Release|Win32
		{B34E3D27-20B0-461D-8A95-23231388DDF3}.Debug|x64.ActiveCfg = Debug|x64
		{B34E3D27-20B0-461D-8A95-23231388DDF3}.Debug|x64.Build.0 = Debug|x64
		{B34E3D27-20B0-461D-8A95-23231388DDF3}.Debug|x86.ActiveCfg = Debug|Win32
		{B34E3D27-20B0-461D-8A95-23231388DDF3}.Debug|x86.Build.0 = Debug|Win32
		{B34E3D27-20B0-461D-8A95-23231388DDF3}.Release|x64.ActiveCfg = Release|x64
		{B34E3D27-20B0-461D-8A95-23231388DDF3}.Release|x64.Build.0 = Release|x64
		{B34E3D27-20B0-461D-8A95-23231388DDF3}.Release|x86.ActiveCfg = Release|Win32
		{B34E3D27-20B0-461D-8A95-23231388DDF3}.Release|x86.Build.0 = Release|Win32
		{4A9F103C-F1E3-4037-B669-3631907928C3}.Debug|x64.ActiveCfg = Debug|x64
		{4A9F103C-F1E3-4037-B669-3631907928C3}.Debug|x64.Build.0 = Debug|x64
		{4A9F103C-F1E3-4037-B669-3631907928C3}.Debug|x86.ActiveCfg = Debug|Win32
		{4A9F103C-F1E3-4037-B669-3631907928C3}.Debug|x86.Build.0 = Debug|Win32
		{4A9F103C-F1E3-4037-B669-3631907928C3}.Release|x64.ActiveCfg = Release|x64
		{4A9F103C-F1E3-4037-B669-3631907928C3}.Release|x64.Build.0 = Release|x64
		{4A9F103C-F1E3-4037-B669-3631907928C3}.Release|x86.ActiveCfg = Release|Win32
		{4A9F103C-F1E3-4037-B669-3631907928C3}.Release|x86.Build.0 = Release|Win32
		{4497BDF8-AA1A-433E-AF97-3FF7B7E1B8AF}.Debug|x64.ActiveCfg = Debug|x64
		{4497BDF8-AA1A-433E-AF97-3FF7B7E1B8AF}.Debug|x64.Build.0 = Debug|x64
		{4497BDF8-AA1A-433E-AF97-3FF7B7E1B8AF}.Debug|x86.ActiveCfg = Debug|Win32
		{4497BDF8-AA1A-433E-AF97-3FF7B7E1B8AF}.Debug|x86.Build.0 = Debug|Win32
		{4497BDF8-AA1A-433E-AF97-3FF7B7E1B8AF}.Release|x64.ActiveCfg = Release|x64
		{4497BDF8-AA1A-433E-AF97-3FF7B7E1B8AF}.Release|x64.Build.0 = Release|x64
		{4497BDF8-AA1A-433E-AF97-3FF7B7E1B8AF}.Release|x86.ActiveCfg = Release|Win32
		{4497BDF8-AA1A-433E-AF97-3FF7B7E1B8AF}.Release|x86.Build.0 = Release|Win32
		{16E185F5-2FCF-47DB-8D1C-2340267C401C}.Debug|x64.ActiveCfg = Debug|x64
		{16E185F5-2FCF-47DB-8D1C-2340267C401C}.Debug|x64.Build.0 = Debug|x64
		{16E185F5-2FCF-47DB-8D1C-2340267C401C}.Debug|x86.ActiveCfg = Debug|Win32
		{16E185F5-2FCF-47DB-8D1C-2340267C401C}.Debug|x86.Build.0 = Debug|Win32
		{16E185F5-2FCF-47DB-8D1C-2340267C401C}.Release|x64.ActiveCfg = Release|x64
		{16E185F5-2FCF-47DB-8D1C-2340267C401C}.Release|x64.Build.0 = Release|x64
		{16E185F5-2FCF-47DB-8D1C-2340267C401C}.Release|x86.ActiveCfg = Release|Win32
		{16E185F5-2FCF-47DB-8D1C-2340267C401C}.Release|x86.Build.0 = Release|Win32
		{FFD62447-59FB-4B03-96C2-DF1FC342BDBA}.Debug|x64.ActiveCfg = Debug|x64
		{FFD62447-59FB-4B03-96C2-DF1FC342BDBA}.Debug|x64.Build.0 = Debug|x64
		{FFD62447-59FB-4B03-96C2-DF1FC342BDBA}.Debug|x86.ActiveCfg = Debug|Win32
		{FFD62447-59FB-4B03-96C2-DF1FC342BDBA}.Debug|x86.Build.0 = Debug|Win32
		{FFD62447-59FB-4B03-96C2-DF1FC342BDBA}.Release|x64.ActiveCfg = Release|x64
		{FFD62447-59FB-4B03-96C2-DF1FC342BDBA}.Release|x64.Build.0 = Release|x64
		{FFD62447-59FB-4B03-96C2-DF1FC342BDBA}.Release|x86.ActiveCfg = Release|Win32
		{FFD62447-59FB-4B03-96C2-DF1FC342BDBA}.Release|x86.Build.0 = Release|Win32
		{BA814B19-7D27-48EC-AD47-8BB74B1D0861}.Debug|x64.ActiveCfg = Debug|x64
		{BA814B19-7D27-48EC-AD47-8BB74B1D0861}.Debug|x64.Build.0 = Debug|x64
		{BA814B19-7D27-48EC-AD47-8BB74B1D0861}.Debug|x86.ActiveCfg = Debug|Win32
		{BA814B19-7D27-48EC-AD47-8BB74B1D0861}.Debug|x86.Build.0 = Debug|Win32
		{BA814B19-7D27-48EC-AD47-8BB74B1D0861}.Release|x64.ActiveCfg = Release|x64
		{BA814B19-7D27-48EC-AD47-8BB74B1D0861}.Release|x64.Build.0 = Release|x64
		{BA814B19-7D27-48EC-AD47-8BB74B1D0861}.Release|x86.ActiveCfg = Release|Win32
		{BA814B19-7D27-48EC-AD47-8BB74B1D0861}.Release|x86.Build.0 = Release|Win32
		{8960DE87-A03B-4E6A-85A5-6784A877E6AE}.Debug|x64.ActiveCfg = Debug|x64
		{8960DE87-A03B-4E6A-85A5-6784A877E6AE}.Debug|x64.Build.0 = Debug|x64
		{8960DE87-A03B-4E6A-85A5-6784A877E6AE}.Debug|x86.ActiveCfg = Debug|Win32
		{8960DE87-A03B-4E6A-85A5-6784A877E6AE}.Debug|x86.Build.0 = Debug|Win32
		{8960DE87-A03B-4E6A-85A5-6784A877E6AE}.Release|x64.ActiveCfg = Release|x64
		{8960DE87-A03B-4E6A-85A5-6784A877E6AE}.Release|x64.Build.0 = Release|x64
		{8960DE87-A03B-4E6A-85A5-6784A877E6AE}.Release|x86.ActiveCfg = Release|Win32
		{8960DE87-A03B-4E6A-85A5-6784A877E6AE}.Release|x86.Build.0 = Release|Win32
		{C69E59EC-8999-4C38-8BE0-FBDB63A988F3}.Debug|x64.ActiveCfg = Debug|x64
		{C69E59EC-8999-4C38-8BE0-FBDB63A988F3}.Debug|x64.Build.0 = Debug|x64
		{C69E59EC-8999-4C38-8BE0-FBDB63A988F3}.Debug|x86.ActiveCfg = Debug|Win32
		{C69E59EC-8999-4C38-8BE0-FBDB63A988F3}.Debug|x86.Build.0 = Debug|Win32
		{C69E59EC-8999-4C38-8BE0-FBDB63A988F3}.Release|x64.ActiveCfg = Release|x64
		{C69E59EC-8999-4C38-8BE0-FBDB63A988F3}.Release|x64.Build.0 = Release|x64
		{C69E59EC-8999-4C38-8BE0-FBDB63A988F3}.Release|x86.ActiveCfg = Release|Win32
		{C69E59EC-8999-4C38-8BE0-FBDB63A988F3}.Release|x86.Build.0 = Release|Win32
		{6FFD051F-9BA4-44F2-9EB5-A52F27B31FA0}.Debug|x64.ActiveCfg = Debug|x64
		{6FFD051F-9BA4-44F2-9EB5-A52F27B31FA0}.Debug|x64.Build.0 = Debug|x64
		{6FFD051F-9BA4-44F2-9EB5-A52F27B31FA0}.Debug|x86.ActiveCfg = Debug|Win32
		{6FFD051F-9BA4-44F2-9EB5-A52F27B31FA0}.Debug|x86.Build.0 = Debug|Win32
		{6FFD051F-9BA4-44F2-9EB5-A52F27B31FA0}.Release|x64.ActiveCfg = Release|x64
		{6FFD051F-9BA4-44F2-9EB5-A52F27B31FA0}.Release|x64.Build.0 = Release|x64
		{6FFD051F-9BA4-44F2-9EB5-A52F27B31FA0}.Release|x86.ActiveCfg = Release|Win32
		{6FFD051F-9BA4-44F2-9EB5-A52F27B31FA0}.Release|x86.Build.0 = Release|Win32
		{32C9CC6A-6065-4D5B-8DBC-A79818FA0B45}.Debug|x64.ActiveCfg = Debug|x64
		{32C9CC6A-6065-4D5B-8DBC-A79818FA0B45}.Debug|x64.Build.0 = Debug|x64
		{32C9CC6A-6065-4D5B-8DBC-A79818FA0B45}.Debug|x86.ActiveCfg = Debug|Win32
		{32C9CC6A-6065-4D5B-8DBC-A79818FA0B45}.Debug|x86.Build.0 = Debug|Win32
		{32C9CC6A-6065-4D5B-8DBC-A79818FA0B45}.Release|x64.ActiveCfg = Release|x64
		{32C9CC6A-6065-4D5B-8DBC-A79818FA0B45}.Release|x64.Build.0 = Release|x64
		{32C9CC6A-6065-4D5B-8DBC-A79818FA0B45}.Release|x86.ActiveCfg = Release|Win32
		{32C9CC6A-6065-4D5B-8DBC-A79818FA0B45}.Release|x86.Build.0 = Release|Win32
		{239FEB88-A68C-41AE-8D6B-B97889FD4602}.Debug|x64.ActiveCfg = Debug|x64
		{239FEB88-A68C-41AE-8D6B-B97889FD4602}.Debug|x64.Build.0 = Debug|x64
		{239FEB88-A68C-41AE-8D6B-B97889FD4602}.Debug|x86.ActiveCfg = Debug|Win32
		{239FEB88-A68C-41AE-8D6B-B97889FD4602}.Debug|x86.Build.0 = Debug|Win32
		{239FEB88-A68C-41AE-8D6B-B97889FD4602}.Release|x64.ActiveCfg = Release|x64
		{239FEB88-A68C-41AE-8D6B-B97889FD4602}.Release|x64.Build.0 = Release|x64
		{239FEB88-A68C-41AE-8D6B-B97889FD4602}.Release|x86.ActiveCfg = Release|Win32
		{239FEB88-A68C-41AE-8D6B-B97889FD4602}.Release|x86.Build.0 = Release|Win32
		{F06E7034-F23F-4E55-8A10-914550B80E2A}.Debug|x64.ActiveCfg = Debug|x64
		{F06E7034-F23F-4E55-8A10-914550B80E2A}.Debug|x64.Build.0 = Debug|x64
		{F06E7034-F23F-4E55-8A10-914550B80E2A}.Debug|x86.ActiveCfg = Debug|Win32
		{F06E7034-F23F-4E55-8A10-914550B80E2A}.Debug|x86.Build.0 = Debug|Win32
		{F06E7034-F23F-4E55-8A10-914550B80E2A}.Release|x64.ActiveCfg = Release|x64
		{F06E7034-F23F-4E55-8A10-914550B80E2A}.Release|x64.Build.0 = Release|x64
		{F06E7034-F23F-4E55-8A10-914550B80E2A}.Release|x86.ActiveCfg = Release|Win32
		{F06E7034-F23F-4E55-8A10-914550B80E2A}.Release|x86.Build.0 = Release|Win32
		{6CEE06C8-B5C2-41AE-8A34-B3CC3D3875DA}.Debug|x64.ActiveCfg = Debug|x64
		{6CEE06C8-B5C2-41AE-8A34-B3CC3D3875DA}.Debug|x64.Build.0 = Debug|x64
		{6CEE06C8-B5C2-41AE-8A34-B3CC3D3875DA}.Debug|x86.ActiveCfg = Debug|Win32
		{6CEE06C8-B5C2-41AE-8A34-B3CC3D3875DA}.Debug|x86.Build.0 = Debug|Win32
		{6CEE06C8-B5C2-41AE-8A34-B3CC3D3875DA}.Release|x64.ActiveCfg = Release|x64
		{6CEE06C8-B5C2-41AE-8A34-B3CC3D3875DA}.Release|x64.Build.0 = Release|x64
		{6CEE06C8-B5C2-41AE-8A34-B3CC3D3875DA}.Release|x86.ActiveCfg = Release|Win32
		{6CEE06C8-B5C2-41AE-8A34-B3CC3D3875DA}.Release|x86.Build.0 = Release|Win32
		{F51D2775-A7CD-484D-A8F1-5AB92C2FB08D}.Debug|x64.ActiveCfg = Debug|x64
		{F51D2775-A7CD-484D-A8F1-5AB92C2FB08D}.Debug|x64.Build.0 = Debug|x64
		{F51D2775-A7CD-484D-A8F1-5AB92C2FB08D}.Debug|x86.ActiveCfg = Debug|Win32
		{F51D2775-A7CD-484D-A8F1-5AB92C2FB08D}.Debug|x86.Build.0 = Debug|Win32
		{F51D2775-A7CD-484D-A8F1-5AB92C2FB08D}.Release|x64.ActiveCfg = Release|x64
		{F51D2775-A7CD-484D-A8F1-5AB92C2FB08D}.Release|x64.Build.0 = Release|x64
		{F51D2775-A7CD-484D-A8F1-5AB92C2FB08D}.Release|x86.ActiveCfg = Release|Win32
		{F51D2775-A7CD-484D-A8F1-5AB92C2FB08D}.Release|x86.Build.0 = Release|Win32
		{F2C8E34D-9CBF-42E5-93F2-702E3CABFCF2}.Debug|x64.ActiveCfg = Debug|x64
		{F2C8E34D-9CBF-42E5-93F2-702E3CABFCF2}.Debug|x64.Build.0 = Debug|x64
		{F2C8E34D-9CBF-42E5-93F2-702E3CABFCF2}.Debug|x86.ActiveCfg = Debug|Win32
		{F2C8E34D-9CBF-42E5-93F2-702E3CABFCF2}.Debug|x86.Build.0 = Debug|Win32
		{F2C8E34D-9CBF-42E5-93F2-702E3CABFCF2}.Release|x64.ActiveCfg = Release|x64
		{F2C8E34D-9CBF-42E5-93F2-702E3CABFCF2}.Release|x64.Build.0 = Release|x64
		{F2C8E34D-9CBF-42E5-93F2-702E3CABFCF2}.Release|x86.ActiveCfg = Release|Win32
		{F2C8E34D-9CBF-42E5-93F2-702E3CABFCF2}.Release|x86.Build.0 = Release|Win32
		{E65EAE07-20A1-486E-A939-E42B6923AFC6}.Debug|x64.ActiveCfg = Debug|x64
		{E65EAE07-20A1-486E-A939-E42B6923AFC6}.Debug|x64.Build.0 = Debug|x64
		{E65EAE07-20A1-486E-A939-E42B6923AFC6}.Debug|x86.ActiveCfg = Debug|Win32
		{E65EAE07-20A1-486E-A939-E42B6923AFC6}.Debug|x86.Build.0 = Debug|Win32
		{E65EAE07-20A1-486E-A939-E42B6923AFC6}.Release|x64.ActiveCfg = Release|x64
		{E65EAE07-20A1-486E-A939-E42B6923AFC6}.Release|x64.Build.0 = Release|x64
		{E65EAE07-20A1-486E-A939-E42B6923AFC6}.Release|x86.ActiveCfg = Release|Win32
		{E65EAE07-20A1-486E-A939-E42B6923AFC6}.Release|x86.Build.0 = Release|Win32
		{AB3C4241-5D55-4C6D-BF6A-D7DAECF0D973}.Debug|x64.ActiveCfg = Debug|x64
		{AB3C4241-5D55-4C6D-BF6A-D7DAECF0D973}.Debug|x64.Build.0 = Debug|x64
		{AB3C4241-5D55-4C6D-BF6A-D7DAECF0D973}.Debug|x86.ActiveCfg = Debug|Win32
		{AB3C4241-5D55-4C6D-BF6A-D7DAECF0D973}.Debug|x86.Build.0 = Debug|Win32
		{AB3C4241-5D55-4C6D-BF6A-D7DAECF0D973}.Release|x64.ActiveCfg = Release|x64
		{AB3C4241-5D55-4C6D-BF6A-D7DAECF0D973}.Release|x64.Build.0 = Release|x64
		{AB3C4241-5D55-4C6D-BF6A-D7DAECF0D973}.Release|x86.ActiveCfg = Release|Win32
		{AB3C4241-5D55-4C6D-BF6A-D7DAECF0D973}.Release|x86.Build.0 = Release|Win32
		{5A269F4F-3650-40DD-846A-74CF5FAAA544}.Debug|x64.ActiveCfg = Debug|x64
		{5A269F4F-3650-40DD-846A-74CF5FAAA544}.Debug|x64.Build.0 = Debug|x64
		{5A269F4F-3650-40DD-846A-74CF5FAAA544}.Debug|x86.ActiveCfg = Debug|Win32
		{5A269F4F-3650-40DD-846A-74CF5FAAA544}.Debug|x86.Build.0 = Debug|Win32
		{5A269F4F-3650-40DD-846A-74CF5FAAA544}.Release|x64.ActiveCfg = Release|x64
		{5A269F4F-3650-40DD-846A-74CF5FAAA544}.Release|x64.Build.0 = Release|x64
		{5A269F4F-3650-40DD-846A-74CF5FAAA544}.Release|x86.ActiveCfg = Release|Win32
		{5A269F4F-3650-40DD-846A-74CF5FAAA544}.Release|x86.Build.0 = Release|Win32
		{AA9E1B49-3A01-407B-A498-6EA347ABDE60}.Debug|x64.ActiveCfg = Debug|x64
		{AA9E1B49-3A01-407B-A498-6EA347ABDE60}.Debug|x64.Build.0 = Debug|x64
		{AA9E1B49-3A01-407B-A498-6EA347ABDE60}.Debug|x86.ActiveCfg = Debug|Win32
		{AA9E1B49-3A01-407B-A498-6EA347ABDE60}.Debug|x86.Build.0 = Debug|Win32
		{AA9E1B49-3A01-407B-A498-6EA347ABDE60}.Release|x64.ActiveCfg = Release|x64
		{AA9E1B49-3A01-407B-A498-6EA347ABDE60}.Release|x64.Build.0 = Release|x64
		{AA9E1B49-3A01-407B-A498-6EA347ABDE60}.Release|x86.ActiveCfg = Release|Win32
		{AA9E1B49-3A01-407B-A498-6EA347ABDE60}.Release|x86.Build.0 = Release|Win32
		{030FF434-DEE4-401F-860C-6C4D20F4627A}.Debug|x64.ActiveCfg = Debug|x64
		{030FF434-DEE4-401F-860C-6C4D20F4627A}.Debug|x64.Build.0 = Debug|x64
		{030FF434-DEE4-401F-860C-6C4D20F4627A}.Debug|x86.ActiveCfg = Debug|Win32
		{030FF434-DEE4-401F-860C-6C4D20F4627A}.Debug|x86.Build.0 = Debug|Win32
		{030FF434-DEE4-401F-860C-6C4D20F4627A}.Release|x64.ActiveCfg = Release|x64
		{030FF434-DEE4-401F-860C-6C4D20F4627A}.Release|x64.Build.0 = Release|x64
		{030FF434-DEE4-401F-860C-6C4D20F4627A}.Release|x86.ActiveCfg = Release|Win32
		{030FF434-DEE4-401F-860C-6C4D20F4627A}.Release|x86.Build.0 = Release|Win32
		{EA73EA6F-F355-4539-A9E2-F488C7A83477}.Debug|x64.ActiveCfg = Debug|x64
		{EA73EA6F-F355-4539-A9E2-F488C7A83477}.Debug|x64.Build.0 = Debug|x64
		{EA73EA6F-F355-4539-A9E2-F488C7A83477}.Debug|x86.ActiveCfg = Debug|Win32
		{EA73EA6F-F355-4539-A9E2-F488C7A83477}.Debug|x86.Build.0 = Debug|Win32
		{EA73EA6F-F355-4539-A9E2-F488C7A83477}.Release|x64.ActiveCfg = Release|x64
		{EA73EA6F-F355-4539-A9E2-F488C7A83477}.Release|x64.Build.0 = Release|x64
		{EA73EA6F-F355-4539-A9E2-F488C7A83477}.Release|x86.ActiveCfg = Release|Win32
		{EA73EA6F-F355-4539-A9E2-F488C7A83477}.Release|x86.Build.0 = Release|Win32
		{E94F2303-08C2-4B67-BBED-F30E21196294}.Debug|x64.ActiveCfg = Debug|x64
		{E94F2303-08C2-4B67-BBED-F30E21196294}.Debug|x64.Build.0 = Debug|x64
		{E94F2303-08C2-4B67-BBED-F30E21196294}.Debug|x86.ActiveCfg = Debug|Win32
		{E94F2303-08C2-4B67-BBED-F30E21196294}.Debug|x86.Build.0 = Debug|Win32
		{E94F2303-08C2-4B67-BBED-F30E21196294}.Release|x64.ActiveCfg = Release|x64
		{E94F2303-08C2-4B67-BBED-F30E21196294}.Release|x64.Build.0 = Release|x64
		{E94F2303-08C2-4B67-BBED-F30E21196294}.Release|x86.ActiveCfg = Release|Win32
		{E94F2303-08C2-4B67-BBED-F30E21196294}.Release|x86.Build.0 = Release|Win32
		{E45B0387-3184-4F36-8764-09E50762A832}.Debug|x64.ActiveCfg = Debug|x64
		{E45B0387-3184-4F36-8764-09E50762A832}.Debug|x64.Build.0 = Debug|x64
		{E45B0387-3184-4F36-8764-09E50762A832}.Debug|x86.ActiveCfg = Debug|Win32
		{E45B0387-3184-4F36-8764-09E50762A832}.Debug|x86.Build.0 = Debug|Win32
		{E45B0387-3184-4F36-8764-09E50762A832}.Release|x64.ActiveCfg = Release|x64
		{E45B0387-3184-4F36-8764-09E50762A832}.Release|x64.Build.0 = Release|x64
		{E45B0387-3184-4F36-8764-09E50762A832}.Release|x86.ActiveCfg = Release|Win32
		{E45B0387-3184-4F36-8764-09E50762A832}.Release|x86.Build.0 = Release|Win32
	EndGlobalSection
	GlobalSection(SolutionProperties) = preSolution
		HideSolutionNode = FALSE
	EndGlobalSection
	GlobalSection(NestedProjects) = preSolution
		{43F1A00B-BD08-4138-ADD4-241B00218E34} = {02EA681E-C7D8-13C7-8484-4AC65E1B71E8}
		{6235A176-04A0-4992-9103-53AF069914C7} = {02EA681E-C7D8-13C7-8484-4AC65E1B71E8}
		{811F517C-2FF2-4608-A5FA-795F8D6E6A1D} = {02EA681E-C7D8-13C7-8484-4AC65E1B71E8}
		{CDE75C91-3AFA-4285-9315-A392C1E5A586} = {02EA681E-C7D8-13C7-8484-4AC65E1B71E8}
		{B34E3D27-20B0-461D-8A95-23231388DDF3} = {02EA681E-C7D8-13C7-8484-4AC65E1B71E8}
		{4A9F103C-F1E3-4037-B669-3631907928C3} = {02EA681E-C7D8-13C7-8484-4AC65E1B71E8}
		{4497BDF8-AA1A-433E-AF97-3FF7B7E1B8AF} = {02EA681E-C7D8-13C7-8484-4AC65E1B71E8}
		{16E185F5-2FCF-47DB-8D1C-2340267C401C} = {756A34F1-483E-4DC3-A1AC-FF306772DFF6}
		{FFD62447-59FB-4B03-96C2-DF1FC342BDBA} = {756A34F1-483E-4DC3-A1AC-FF306772DFF6}
		{BA814B19-7D27-48EC-AD47-8BB74B1D0861} = {756A34F1-483E-4DC3-A1AC-FF306772DFF6}
		{8960DE87-A03B-4E6A-85A5-6784A877E6AE} = {756A34F1-483E-4DC3-A1AC-FF306772DFF6}
		{C69E59EC-8999-4C38-8BE0-FBDB63A988F3} = {756A34F1-483E-4DC3-A1AC-FF306772DFF6}
		{6FFD051F-9BA4-44F2-9EB5-A52F27B31FA0} = {756A34F1-483E-4DC3-A1AC-FF306772DFF6}
		{32C9CC6A-6065-4D5B-8DBC-A79818FA0B45} = {756A34F1-483E-4DC3-A1AC-FF306772DFF6}
		{239FEB88-A68C-41AE-8D6B-B97889FD4602} = {756A34F1-483E-4DC3-A1AC-FF306772DFF6}
		{F06E7034-F23F-4E55-8A10-914550B80E2A} = {756A34F1-483E-4DC3-A1AC-FF306772DFF6}
		{6CEE06C8-B5C2-41AE-8A34-B3CC3D3875DA} = {756A34F1-483E-4DC3-A1AC-FF306772DFF6}
		{F51D2775-A7CD-484D-A8F1-5AB92C2FB08D} = {756A34F1-483E-4DC3-A1AC-FF306772DFF6}
		{F2C8E34D-9CBF-42E5-93F2-702E3CABFCF2} = {4D7591AF-FF37-4C8A-9B03-7300E709C12D}
		{E65EAE07-20A1-486E-A939-E42B6923AFC6} = {4D7591AF-FF37-4C8A-9B03-7300E709C12D}
		{AB3C4241-5D55-4C6D-BF6A-D7DAECF0D973} = {4D7591AF-FF37-4C8A-9B03-7300E709C12D}
		{5A269F4F-3650-40DD-846A-74CF5FAAA544} = {4D7591AF-FF37-4C8A-9B03-7300E709C12D}
		{AA9E1B49-3A01-407B-A498-6EA347ABDE60} = {4D7591AF-FF37-4C8A-9B03-7300E709C12D}
		{030FF434-DEE4-401F-860C-6C4D20F4627A} = {4D7591AF-FF37-4C8A-9B03-7300E709C12D}
		{EA73EA6F-F355-4539-A9E2-F488C7A83477} = {4D7591AF-FF37-4C8A-9B03-7300E709C12D}
		{E94F2303-08C2-4B67-BBED-F30E21196294} = {4D7591AF-FF37-4C8A-9B03-7300E709C12D}
		{E45B0387-3184-4F36-8764-09E50762A832} = {4D7591AF-FF37-4C8A-9B03-7300E709C12D}
	EndGlobalSection
	GlobalSection(ExtensibilityGlobals) = postSolution
		SolutionGuid = {7880D708-679C-4442-8523-BCA471940B0A}
	EndGlobalSection
EndGlobal
